
Microsoft Visual Studio Solution File, Format Version 12.00
Project("{FAE04EC0-301F-11D3-BF4B-00C04F79EFBC}") = "RevenueRecognitionApi", "RevenueRecognitionApi\RevenueRecognitionApi.csproj", "{0CCE88A8-8035-4307-A19A-7B965872DCB6}"
EndProject
Project("{FAE04EC0-301F-11D3-BF4B-00C04F79EFBC}") = "RevenueRecognitionApi.Tests", "RevenueRecognitionApi.Tests\RevenueRecognitionApi.Tests.csproj", "{4D309543-AA09-47FC-B15B-936E138BECAD}"
EndProject
Global
	GlobalSection(SolutionConfigurationPlatforms) = preSolution
		Debug|Any CPU = Debug|Any CPU
		Debug|x64 = Debug|x64
		Debug|x86 = Debug|x86
		Release|Any CPU = Release|Any CPU
		Release|x64 = Release|x64
		Release|x86 = Release|x86
	EndGlobalSection
	GlobalSection(ProjectConfigurationPlatforms) = postSolution
		{0CCE88A8-8035-4307-A19A-7B965872DCB6}.Debug|Any CPU.ActiveCfg = Debug|Any CPU
		{0CCE88A8-8035-4307-A19A-7B965872DCB6}.Debug|Any CPU.Build.0 = Debug|Any CPU
		{0CCE88A8-8035-4307-A19A-7B965872DCB6}.Debug|x64.ActiveCfg = Debug|Any CPU
		{0CCE88A8-8035-4307-A19A-7B965872DCB6}.Debug|x64.Build.0 = Debug|Any CPU
		{0CCE88A8-8035-4307-A19A-7B965872DCB6}.Debug|x86.ActiveCfg = Debug|Any CPU
		{0CCE88A8-8035-4307-A19A-7B965872DCB6}.Debug|x86.Build.0 = Debug|Any CPU
		{0CCE88A8-8035-4307-A19A-7B965872DCB6}.Release|Any CPU.ActiveCfg = Release|Any CPU
		{0CCE88A8-8035-4307-A19A-7B965872DCB6}.Release|Any CPU.Build.0 = Release|Any CPU
		{0CCE88A8-8035-4307-A19A-7B965872DCB6}.Release|x64.ActiveCfg = Release|Any CPU
		{0CCE88A8-8035-4307-A19A-7B965872DCB6}.Release|x64.Build.0 = Release|Any CPU
		{0CCE88A8-8035-4307-A19A-7B965872DCB6}.Release|x86.ActiveCfg = Release|Any CPU
		{0CCE88A8-8035-4307-A19A-7B965872DCB6}.Release|x86.Build.0 = Release|Any CPU
		{4D309543-AA09-47FC-B15B-936E138BECAD}.Debug|Any CPU.ActiveCfg = Debug|Any CPU
		{4D309543-AA09-47FC-B15B-936E138BECAD}.Debug|Any CPU.Build.0 = Debug|Any CPU
		{4D309543-AA09-47FC-B15B-936E138BECAD}.Debug|x64.ActiveCfg = Debug|Any CPU
		{4D309543-AA09-47FC-B15B-936E138BECAD}.Debug|x64.Build.0 = Debug|Any CPU
		{4D309543-AA09-47FC-B15B-936E138BECAD}.Debug|x86.ActiveCfg = Debug|Any CPU
		{4D309543-AA09-47FC-B15B-936E138BECAD}.Debug|x86.Build.0 = Debug|Any CPU
		{4D309543-AA09-47FC-B15B-936E138BECAD}.Release|Any CPU.ActiveCfg = Release|Any CPU
		{4D309543-AA09-47FC-B15B-936E138BECAD}.Release|Any CPU.Build.0 = Release|Any CPU
		{4D309543-AA09-47FC-B15B-936E138BECAD}.Release|x64.ActiveCfg = Release|Any CPU
		{4D309543-AA09-47FC-B15B-936E138BECAD}.Release|x64.Build.0 = Release|Any CPU
		{4D309543-AA09-47FC-B15B-936E138BECAD}.Release|x86.ActiveCfg = Release|Any CPU
		{4D309543-AA09-47FC-B15B-936E138BECAD}.Release|x86.Build.0 = Release|Any CPU
	EndGlobalSection
	GlobalSection(SolutionProperties) = preSolution
		HideSolutionNode = FALSE
	EndGlobalSection
EndGlobal
